
Microsoft Visual Studio Solution File, Format Version 12.00
# Visual Studio Version 17
VisualStudioVersion = 17.13.35919.96
MinimumVisualStudioVersion = 10.0.40219.1
Project("{8BC9CEB8-8B4A-11D0-8D11-00A0C91BC942}") = "HelloWorld", "HelloWorld\HelloWorld.vcxproj", "{915336E5-97DE-418E-AC0D-36EF70C6BC6A}"
EndProject
Project("{8BC9CEB8-8B4A-11D0-8D11-00A0C91BC942}") = "DataTypes", "DataTypes\DataTypes.vcxproj", "{22941C79-2121-44AE-873E-6B059CF30702}"
EndProject
Project("{8BC9CEB8-8B4A-11D0-8D11-00A0C91BC942}") = "UserDataTypes", "UserDataTypes\UserDataTypes.vcxproj", "{C4C11B20-515D-459C-A063-78A1970AA418}"
EndProject
Project("{8BC9CEB8-8B4A-11D0-8D11-00A0C91BC942}") = "Containers", "Containers\Containers.vcxproj", "{49EFC70A-1DC3-4275-B74C-582311D03D77}"
EndProject
Project("{8BC9CEB8-8B4A-11D0-8D11-00A0C91BC942}") = "DiceGame", "DiceGame\DiceGame.vcxproj", "{55DCEFD5-9403-4784-997B-E09B7E710B3F}"
EndProject
Project("{8BC9CEB8-8B4A-11D0-8D11-00A0C91BC942}") = "Pointers", "Pointers\Pointers.vcxproj", "{888A0D9E-B5A7-45A7-B409-19A0AD7643C8}"
EndProject
Project("{8BC9CEB8-8B4A-11D0-8D11-00A0C91BC942}") = "MemoryReview", "MemoryReview\MemoryReview.vcxproj", "{58A56C54-1643-4A00-9112-27269C2821FF}"
EndProject
Project("{8BC9CEB8-8B4A-11D0-8D11-00A0C91BC942}") = "OOP", "OOP\OOP.vcxproj", "{FC46E4A8-D77C-42AC-A522-50EAD3CF4093}"
EndProject
Project("{8BC9CEB8-8B4A-11D0-8D11-00A0C91BC942}") = "Classes", "Classes\Classes.vcxproj", "{7F26550D-235A-4F96-A543-40650B882E4F}"
EndProject
Project("{8BC9CEB8-8B4A-11D0-8D11-00A0C91BC942}") = "Fail", "Fail\Fail.vcxproj", "{1C2CE93D-AD26-4632-8AF5-0F6DA975D61A}"
EndProject
Project("{8BC9CEB8-8B4A-11D0-8D11-00A0C91BC942}") = "SmartPointers", "SmartPointers\SmartPointers.vcxproj", "{D5F1BE71-BC99-4044-941D-B966A825BF13}"
EndProject
Project("{8BC9CEB8-8B4A-11D0-8D11-00A0C91BC942}") = "Fractions", "Fractions\Fractions.vcxproj", "{1C37431A-69A7-4537-A91D-45B65B42B471}"
EndProject
Global
	GlobalSection(SolutionConfigurationPlatforms) = preSolution
		Debug|x64 = Debug|x64
		Debug|x86 = Debug|x86
		Release|x64 = Release|x64
		Release|x86 = Release|x86
	EndGlobalSection
	GlobalSection(ProjectConfigurationPlatforms) = postSolution
		{915336E5-97DE-418E-AC0D-36EF70C6BC6A}.Debug|x64.ActiveCfg = Debug|x64
		{915336E5-97DE-418E-AC0D-36EF70C6BC6A}.Debug|x64.Build.0 = Debug|x64
		{915336E5-97DE-418E-AC0D-36EF70C6BC6A}.Debug|x86.ActiveCfg = Debug|Win32
		{915336E5-97DE-418E-AC0D-36EF70C6BC6A}.Debug|x86.Build.0 = Debug|Win32
		{915336E5-97DE-418E-AC0D-36EF70C6BC6A}.Release|x64.ActiveCfg = Release|x64
		{915336E5-97DE-418E-AC0D-36EF70C6BC6A}.Release|x64.Build.0 = Release|x64
		{915336E5-97DE-418E-AC0D-36EF70C6BC6A}.Release|x86.ActiveCfg = Release|Win32
		{915336E5-97DE-418E-AC0D-36EF70C6BC6A}.Release|x86.Build.0 = Release|Win32
		{22941C79-2121-44AE-873E-6B059CF30702}.Debug|x64.ActiveCfg = Debug|x64
		{22941C79-2121-44AE-873E-6B059CF30702}.Debug|x64.Build.0 = Debug|x64
		{22941C79-2121-44AE-873E-6B059CF30702}.Debug|x86.ActiveCfg = Debug|Win32
		{22941C79-2121-44AE-873E-6B059CF30702}.Debug|x86.Build.0 = Debug|Win32
		{22941C79-2121-44AE-873E-6B059CF30702}.Release|x64.ActiveCfg = Release|x64
		{22941C79-2121-44AE-873E-6B059CF30702}.Release|x64.Build.0 = Release|x64
		{22941C79-2121-44AE-873E-6B059CF30702}.Release|x86.ActiveCfg = Release|Win32
		{22941C79-2121-44AE-873E-6B059CF30702}.Release|x86.Build.0 = Release|Win32
		{C4C11B20-515D-459C-A063-78A1970AA418}.Debug|x64.ActiveCfg = Debug|x64
		{C4C11B20-515D-459C-A063-78A1970AA418}.Debug|x64.Build.0 = Debug|x64
		{C4C11B20-515D-459C-A063-78A1970AA418}.Debug|x86.ActiveCfg = Debug|Win32
		{C4C11B20-515D-459C-A063-78A1970AA418}.Debug|x86.Build.0 = Debug|Win32
		{C4C11B20-515D-459C-A063-78A1970AA418}.Release|x64.ActiveCfg = Release|x64
		{C4C11B20-515D-459C-A063-78A1970AA418}.Release|x64.Build.0 = Release|x64
		{C4C11B20-515D-459C-A063-78A1970AA418}.Release|x86.ActiveCfg = Release|Win32
		{C4C11B20-515D-459C-A063-78A1970AA418}.Release|x86.Build.0 = Release|Win32
		{49EFC70A-1DC3-4275-B74C-582311D03D77}.Debug|x64.ActiveCfg = Debug|x64
		{49EFC70A-1DC3-4275-B74C-582311D03D77}.Debug|x64.Build.0 = Debug|x64
		{49EFC70A-1DC3-4275-B74C-582311D03D77}.Debug|x86.ActiveCfg = Debug|Win32
		{49EFC70A-1DC3-4275-B74C-582311D03D77}.Debug|x86.Build.0 = Debug|Win32
		{49EFC70A-1DC3-4275-B74C-582311D03D77}.Release|x64.ActiveCfg = Release|x64
		{49EFC70A-1DC3-4275-B74C-582311D03D77}.Release|x64.Build.0 = Release|x64
		{49EFC70A-1DC3-4275-B74C-582311D03D77}.Release|x86.ActiveCfg = Release|Win32
		{49EFC70A-1DC3-4275-B74C-582311D03D77}.Release|x86.Build.0 = Release|Win32
		{55DCEFD5-9403-4784-997B-E09B7E710B3F}.Debug|x64.ActiveCfg = Debug|x64
		{55DCEFD5-9403-4784-997B-E09B7E710B3F}.Debug|x64.Build.0 = Debug|x64
		{55DCEFD5-9403-4784-997B-E09B7E710B3F}.Debug|x86.ActiveCfg = Debug|Win32
		{55DCEFD5-9403-4784-997B-E09B7E710B3F}.Debug|x86.Build.0 = Debug|Win32
		{55DCEFD5-9403-4784-997B-E09B7E710B3F}.Release|x64.ActiveCfg = Release|x64
		{55DCEFD5-9403-4784-997B-E09B7E710B3F}.Release|x64.Build.0 = Release|x64
		{55DCEFD5-9403-4784-997B-E09B7E710B3F}.Release|x86.ActiveCfg = Release|Win32
		{55DCEFD5-9403-4784-997B-E09B7E710B3F}.Release|x86.Build.0 = Release|Win32
		{888A0D9E-B5A7-45A7-B409-19A0AD7643C8}.Debug|x64.ActiveCfg = Debug|x64
		{888A0D9E-B5A7-45A7-B409-19A0AD7643C8}.Debug|x64.Build.0 = Debug|x64
		{888A0D9E-B5A7-45A7-B409-19A0AD7643C8}.Debug|x86.ActiveCfg = Debug|Win32
		{888A0D9E-B5A7-45A7-B409-19A0AD7643C8}.Debug|x86.Build.0 = Debug|Win32
		{888A0D9E-B5A7-45A7-B409-19A0AD7643C8}.Release|x64.ActiveCfg = Release|x64
		{888A0D9E-B5A7-45A7-B409-19A0AD7643C8}.Release|x64.Build.0 = Release|x64
		{888A0D9E-B5A7-45A7-B409-19A0AD7643C8}.Release|x86.ActiveCfg = Release|Win32
		{888A0D9E-B5A7-45A7-B409-19A0AD7643C8}.Release|x86.Build.0 = Release|Win32
		{58A56C54-1643-4A00-9112-27269C2821FF}.Debug|x64.ActiveCfg = Debug|x64
		{58A56C54-1643-4A00-9112-27269C2821FF}.Debug|x64.Build.0 = Debug|x64
		{58A56C54-1643-4A00-9112-27269C2821FF}.Debug|x86.ActiveCfg = Debug|Win32
		{58A56C54-1643-4A00-9112-27269C2821FF}.Debug|x86.Build.0 = Debug|Win32
		{58A56C54-1643-4A00-9112-27269C2821FF}.Release|x64.ActiveCfg = Release|x64
		{58A56C54-1643-4A00-9112-27269C2821FF}.Release|x64.Build.0 = Release|x64
		{58A56C54-1643-4A00-9112-27269C2821FF}.Release|x86.ActiveCfg = Release|Win32
		{58A56C54-1643-4A00-9112-27269C2821FF}.Release|x86.Build.0 = Release|Win32
		{FC46E4A8-D77C-42AC-A522-50EAD3CF4093}.Debug|x64.ActiveCfg = Debug|x64
		{FC46E4A8-D77C-42AC-A522-50EAD3CF4093}.Debug|x64.Build.0 = Debug|x64
		{FC46E4A8-D77C-42AC-A522-50EAD3CF4093}.Debug|x86.ActiveCfg = Debug|Win32
		{FC46E4A8-D77C-42AC-A522-50EAD3CF4093}.Debug|x86.Build.0 = Debug|Win32
		{FC46E4A8-D77C-42AC-A522-50EAD3CF4093}.Release|x64.ActiveCfg = Release|x64
		{FC46E4A8-D77C-42AC-A522-50EAD3CF4093}.Release|x64.Build.0 = Release|x64
		{FC46E4A8-D77C-42AC-A522-50EAD3CF4093}.Release|x86.ActiveCfg = Release|Win32
		{FC46E4A8-D77C-42AC-A522-50EAD3CF4093}.Release|x86.Build.0 = Release|Win32
		{7F26550D-235A-4F96-A543-40650B882E4F}.Debug|x64.ActiveCfg = Debug|x64
		{7F26550D-235A-4F96-A543-40650B882E4F}.Debug|x64.Build.0 = Debug|x64
		{7F26550D-235A-4F96-A543-40650B882E4F}.Debug|x86.ActiveCfg = Debug|Win32
		{7F26550D-235A-4F96-A543-40650B882E4F}.Debug|x86.Build.0 = Debug|Win32
		{7F26550D-235A-4F96-A543-40650B882E4F}.Release|x64.ActiveCfg = Release|x64
		{7F26550D-235A-4F96-A543-40650B882E4F}.Release|x64.Build.0 = Release|x64
		{7F26550D-235A-4F96-A543-40650B882E4F}.Release|x86.ActiveCfg = Release|Win32
		{7F26550D-235A-4F96-A543-40650B882E4F}.Release|x86.Build.0 = Release|Win32
		{1C2CE93D-AD26-4632-8AF5-0F6DA975D61A}.Debug|x64.ActiveCfg = Debug|x64
		{1C2CE93D-AD26-4632-8AF5-0F6DA975D61A}.Debug|x64.Build.0 = Debug|x64
		{1C2CE93D-AD26-4632-8AF5-0F6DA975D61A}.Debug|x86.ActiveCfg = Debug|Win32
		{1C2CE93D-AD26-4632-8AF5-0F6DA975D61A}.Debug|x86.Build.0 = Debug|Win32
		{1C2CE93D-AD26-4632-8AF5-0F6DA975D61A}.Release|x64.ActiveCfg = Release|x64
		{1C2CE93D-AD26-4632-8AF5-0F6DA975D61A}.Release|x64.Build.0 = Release|x64
		{1C2CE93D-AD26-4632-8AF5-0F6DA975D61A}.Release|x86.ActiveCfg = Release|Win32
		{1C2CE93D-AD26-4632-8AF5-0F6DA975D61A}.Release|x86.Build.0 = Release|Win32
		{D5F1BE71-BC99-4044-941D-B966A825BF13}.Debug|x64.ActiveCfg = Debug|x64
		{D5F1BE71-BC99-4044-941D-B966A825BF13}.Debug|x64.Build.0 = Debug|x64
		{D5F1BE71-BC99-4044-941D-B966A825BF13}.Debug|x86.ActiveCfg = Debug|Win32
		{D5F1BE71-BC99-4044-941D-B966A825BF13}.Debug|x86.Build.0 = Debug|Win32
		{D5F1BE71-BC99-4044-941D-B966A825BF13}.Release|x64.ActiveCfg = Release|x64
		{D5F1BE71-BC99-4044-941D-B966A825BF13}.Release|x64.Build.0 = Release|x64
		{D5F1BE71-BC99-4044-941D-B966A825BF13}.Release|x86.ActiveCfg = Release|Win32
		{D5F1BE71-BC99-4044-941D-B966A825BF13}.Release|x86.Build.0 = Release|Win32
		{1C37431A-69A7-4537-A91D-45B65B42B471}.Debug|x64.ActiveCfg = Debug|x64
		{1C37431A-69A7-4537-A91D-45B65B42B471}.Debug|x64.Build.0 = Debug|x64
		{1C37431A-69A7-4537-A91D-45B65B42B471}.Debug|x86.ActiveCfg = Debug|Win32
		{1C37431A-69A7-4537-A91D-45B65B42B471}.Debug|x86.Build.0 = Debug|Win32
		{1C37431A-69A7-4537-A91D-45B65B42B471}.Release|x64.ActiveCfg = Release|x64
		{1C37431A-69A7-4537-A91D-45B65B42B471}.Release|x64.Build.0 = Release|x64
		{1C37431A-69A7-4537-A91D-45B65B42B471}.Release|x86.ActiveCfg = Release|Win32
		{1C37431A-69A7-4537-A91D-45B65B42B471}.Release|x86.Build.0 = Release|Win32
	EndGlobalSection
	GlobalSection(SolutionProperties) = preSolution
		HideSolutionNode = FALSE
	EndGlobalSection
	GlobalSection(ExtensibilityGlobals) = postSolution
		SolutionGuid = {B29416E7-F420-481A-ACCC-15EF2E5DACEB}
	EndGlobalSection
EndGlobal
